
Microsoft Visual Studio Solution File, Format Version 12.00
# Visual Studio 2013
VisualStudioVersion = 12.0.21005.1
MinimumVisualStudioVersion = 10.0.40219.1
Project("{FAE04EC0-301F-11D3-BF4B-00C04F79EFBC}") = "Day1.Configuration", "Day1.Configuration\Day1.Configuration.csproj", "{F86D136B-3C86-42B8-BBA8-E53E1E64DFCF}"
EndProject
Project("{FAE04EC0-301F-11D3-BF4B-00C04F79EFBC}") = "Day1.XML", "Day1.XML\Day1.XML\Day1.XML.csproj", "{7720FEB1-0BB3-4A06-9888-E6CF3D72295E}"
EndProject
Project("{FAE04EC0-301F-11D3-BF4B-00C04F79EFBC}") = "Day2.Cryptography", "Day2.Cryptography\Day2.Cryptography.csproj", "{30BC54B0-7FE2-43E2-A89B-B2683CFA6BFF}"
EndProject
Project("{FAE04EC0-301F-11D3-BF4B-00C04F79EFBC}") = "Day3.UnitTesting", "Day3.UnitTesting\Day3.UnitTesting.csproj", "{9770D079-24E3-4F43-8E4E-617840796CCE}"
EndProject
Project("{FAE04EC0-301F-11D3-BF4B-00C04F79EFBC}") = "Day3.UnitTesting.UnitTests", "Day3.UnitTesting.UnitTests\Day3.UnitTesting.UnitTests.csproj", "{78A7DD61-1645-4772-A93E-69DECCE3C98C}"
EndProject
Project("{FAE04EC0-301F-11D3-BF4B-00C04F79EFBC}") = "Day3.UnitTestingSample", "Day3.UnitTestingSample\Day3.UnitTestingSample.csproj", "{568002CC-5D43-4DF3-8D12-C3D141A11D2C}"
EndProject
Global
	GlobalSection(SolutionConfigurationPlatforms) = preSolution
		Debug|Any CPU = Debug|Any CPU
		Release|Any CPU = Release|Any CPU
	EndGlobalSection
	GlobalSection(ProjectConfigurationPlatforms) = postSolution
		{F86D136B-3C86-42B8-BBA8-E53E1E64DFCF}.Debug|Any CPU.ActiveCfg = Debug|Any CPU
		{F86D136B-3C86-42B8-BBA8-E53E1E64DFCF}.Debug|Any CPU.Build.0 = Debug|Any CPU
		{F86D136B-3C86-42B8-BBA8-E53E1E64DFCF}.Release|Any CPU.ActiveCfg = Release|Any CPU
		{F86D136B-3C86-42B8-BBA8-E53E1E64DFCF}.Release|Any CPU.Build.0 = Release|Any CPU
		{7720FEB1-0BB3-4A06-9888-E6CF3D72295E}.Debug|Any CPU.ActiveCfg = Debug|Any CPU
		{7720FEB1-0BB3-4A06-9888-E6CF3D72295E}.Debug|Any CPU.Build.0 = Debug|Any CPU
		{7720FEB1-0BB3-4A06-9888-E6CF3D72295E}.Release|Any CPU.ActiveCfg = Release|Any CPU
		{7720FEB1-0BB3-4A06-9888-E6CF3D72295E}.Release|Any CPU.Build.0 = Release|Any CPU
		{30BC54B0-7FE2-43E2-A89B-B2683CFA6BFF}.Debug|Any CPU.ActiveCfg = Debug|Any CPU
		{30BC54B0-7FE2-43E2-A89B-B2683CFA6BFF}.Debug|Any CPU.Build.0 = Debug|Any CPU
		{30BC54B0-7FE2-43E2-A89B-B2683CFA6BFF}.Release|Any CPU.ActiveCfg = Release|Any CPU
		{30BC54B0-7FE2-43E2-A89B-B2683CFA6BFF}.Release|Any CPU.Build.0 = Release|Any CPU
		{9770D079-24E3-4F43-8E4E-617840796CCE}.Debug|Any CPU.ActiveCfg = Debug|Any CPU
		{9770D079-24E3-4F43-8E4E-617840796CCE}.Debug|Any CPU.Build.0 = Debug|Any CPU
		{9770D079-24E3-4F43-8E4E-617840796CCE}.Release|Any CPU.ActiveCfg = Release|Any CPU
		{9770D079-24E3-4F43-8E4E-617840796CCE}.Release|Any CPU.Build.0 = Release|Any CPU
		{78A7DD61-1645-4772-A93E-69DECCE3C98C}.Debug|Any CPU.ActiveCfg = Debug|Any CPU
		{78A7DD61-1645-4772-A93E-69DECCE3C98C}.Debug|Any CPU.Build.0 = Debug|Any CPU
		{78A7DD61-1645-4772-A93E-69DECCE3C98C}.Release|Any CPU.ActiveCfg = Release|Any CPU
		{78A7DD61-1645-4772-A93E-69DECCE3C98C}.Release|Any CPU.Build.0 = Release|Any CPU
		{568002CC-5D43-4DF3-8D12-C3D141A11D2C}.Debug|Any CPU.ActiveCfg = Debug|Any CPU
		{568002CC-5D43-4DF3-8D12-C3D141A11D2C}.Debug|Any CPU.Build.0 = Debug|Any CPU
		{568002CC-5D43-4DF3-8D12-C3D141A11D2C}.Release|Any CPU.ActiveCfg = Release|Any CPU
		{568002CC-5D43-4DF3-8D12-C3D141A11D2C}.Release|Any CPU.Build.0 = Release|Any CPU
	EndGlobalSection
	GlobalSection(SolutionProperties) = preSolution
		HideSolutionNode = FALSE
	EndGlobalSection
EndGlobal
